# This file is autogenerated, do not edit; changes may be undone by the next 'dep ensure'.


[[projects]]
  branch = "master"
  name = "github.com/deckarep/gosx-notifier"
  packages = ["."]
  revision = "61a88900fb062ed8c63828adf4d7b58463b61f78"

[[projects]]
  branch = "master"
  name = "github.com/hunterlong/shapeshift"
  packages = ["."]
  revision = "052ddb3febad25a5b763cd6bea1f0f94fbb7d7ee"

[solve-meta]
  analyzer-name = "dep"
  analyzer-version = 1
  inputs-digest = "f926cd32a73a787d96654ac7ce9771630e3cf17f0a2a2c3cb420e6206113fe20"
  solver-name = "gps-cdcl"
  solver-version = 1
